
Microsoft Visual Studio Solution File, Format Version 12.00
# Visual Studio Version 17
VisualStudioVersion = 17.5.002.0
MinimumVisualStudioVersion = 10.0.40219.1
Project("{9A19103F-16F7-4668-BE54-9A1E7A4F7556}") = "Trial", "Trial\Trial.csproj", "{DDC220E7-22BD-41D9-8B7A-E0F9B1B96721}"
EndProject
Global
	GlobalSection(SolutionConfigurationPlatforms) = preSolution
		Debug|Any CPU = Debug|Any CPU
		Release|Any CPU = Release|Any CPU
	EndGlobalSection
	GlobalSection(ProjectConfigurationPlatforms) = postSolution
		{DDC220E7-22BD-41D9-8B7A-E0F9B1B96721}.Debug|Any CPU.ActiveCfg = Debug|Any CPU
		{DDC220E7-22BD-41D9-8B7A-E0F9B1B96721}.Debug|Any CPU.Build.0 = Debug|Any CPU
		{DDC220E7-22BD-41D9-8B7A-E0F9B1B96721}.Release|Any CPU.ActiveCfg = Release|Any CPU
		{DDC220E7-22BD-41D9-8B7A-E0F9B1B96721}.Release|Any CPU.Build.0 = Release|Any CPU
	EndGlobalSection
	GlobalSection(SolutionProperties) = preSolution
		HideSolutionNode = FALSE
	EndGlobalSection
	GlobalSection(ExtensibilityGlobals) = postSolution
		SolutionGuid = {1F6C3A05-1CED-43C5-9CB7-E722B7644748}
	EndGlobalSection
EndGlobal
